
Microsoft Visual Studio Solution File, Format Version 12.00
# Visual Studio Version 16
VisualStudioVersion = 25.0.1706.1
MinimumVisualStudioVersion = 10.0.40219.1
Project("{FAE04EC0-301F-11D3-BF4B-00C04F79EFBC}") = "LiveMessageAPI", "LiveMessageAPI\LiveMessageAPI.csproj", "{43980F45-C7D2-42E1-BEA5-2A56D964520C}"
EndProject
Project("{FAE04EC0-301F-11D3-BF4B-00C04F79EFBC}") = "LiveMessageClient", "LiveMessageClient\LiveMessageClient.csproj", "{B5921374-7F56-4EEC-B6C1-7D7E673620B2}"
EndProject
Global
	GlobalSection(SolutionConfigurationPlatforms) = preSolution
		Debug|Any CPU = Debug|Any CPU
		Release|Any CPU = Release|Any CPU
	EndGlobalSection
	GlobalSection(ProjectConfigurationPlatforms) = postSolution
		{43980F45-C7D2-42E1-BEA5-2A56D964520C}.Debug|Any CPU.ActiveCfg = Debug|Any CPU
		{43980F45-C7D2-42E1-BEA5-2A56D964520C}.Debug|Any CPU.Build.0 = Debug|Any CPU
		{43980F45-C7D2-42E1-BEA5-2A56D964520C}.Release|Any CPU.ActiveCfg = Release|Any CPU
		{43980F45-C7D2-42E1-BEA5-2A56D964520C}.Release|Any CPU.Build.0 = Release|Any CPU
		{B5921374-7F56-4EEC-B6C1-7D7E673620B2}.Debug|Any CPU.ActiveCfg = Debug|Any CPU
		{B5921374-7F56-4EEC-B6C1-7D7E673620B2}.Debug|Any CPU.Build.0 = Debug|Any CPU
		{B5921374-7F56-4EEC-B6C1-7D7E673620B2}.Release|Any CPU.ActiveCfg = Release|Any CPU
		{B5921374-7F56-4EEC-B6C1-7D7E673620B2}.Release|Any CPU.Build.0 = Release|Any CPU
	EndGlobalSection
	GlobalSection(SolutionProperties) = preSolution
		HideSolutionNode = FALSE
	EndGlobalSection
	GlobalSection(ExtensibilityGlobals) = postSolution
		SolutionGuid = {5A436915-D3BF-4C88-886E-AD98F6228AC6}
	EndGlobalSection
EndGlobal
